// !$*UTF8*$!
{
	archiveVersion = 1;
	classes = {
	};
	objectVersion = 77;
	objects = {

/* Begin PBXBuildFile section */
		00B7DE5AA217F5335E91F85E /* WishlistItemEntity.swift in Sources */ = {isa = PBXBuildFile; fileRef = 9DD0F3EF8928AF70350C0A6D /* WishlistItemEntity.swift */; };
		0127C6D56A9C8EF7BEEA4939 /* StopPhotosView.swift in Sources */ = {isa = PBXBuildFile; fileRef = 7E3249B5B3877A21817C4797 /* StopPhotosView.swift */; };
		0410B52788DC2B5AA2783829 /* TravAIApp.swift in Sources */ = {isa = PBXBuildFile; fileRef = F3C6170077E07008FB05ED8F /* TravAIApp.swift */; };
		0C6575CB1B30300AFC7D1413 /* TripEntity.swift in Sources */ = {isa = PBXBuildFile; fileRef = E0FF1A9622F8D302D6EA934B /* TripEntity.swift */; };
		0C66D78BE28DCA1849D430C2 /* EditTripSheet.swift in Sources */ = {isa = PBXBuildFile; fileRef = ABFECE24FA841794983D0347 /* EditTripSheet.swift */; };
		141007CBC3B55EA2EF7F061E /* StopEntity.swift in Sources */ = {isa = PBXBuildFile; fileRef = FE90977A4BD07026623ACB82 /* StopEntity.swift */; };
		147B17172D190069AE40C78A /* CloudSharingView.swift in Sources */ = {isa = PBXBuildFile; fileRef = 84A1F94212E0CA4B773A9A66 /* CloudSharingView.swift */; };
		18EFA9708E8F9609BF7AC900 /* CommentEntity.swift in Sources */ = {isa = PBXBuildFile; fileRef = 5026C44BA2BEE146E7298162 /* CommentEntity.swift */; };
		1FF9E2FA2B54082057EA2CDE /* WeatherService.swift in Sources */ = {isa = PBXBuildFile; fileRef = AEE8961F499B19AE0A183214 /* WeatherService.swift */; };
		22C6A9C089DBDBAE98B3BC47 /* WeatherSection.swift in Sources */ = {isa = PBXBuildFile; fileRef = 2FE25B45E23F7B37469CA13C /* WeatherSection.swift */; };
		23E9F50466B72E16129EED4C /* PasteItinerarySheet.swift in Sources */ = {isa = PBXBuildFile; fileRef = 0502AF088648E4A81A3D44DB /* PasteItinerarySheet.swift */; };
		25DE584A9F23BD39F97A9AA4 /* PrivacyInfo.xcprivacy in Resources */ = {isa = PBXBuildFile; fileRef = 740C7CE35E1E759BC78C6760 /* PrivacyInfo.xcprivacy */; };
		2A197036847964D2BA72C3E9 /* SetDayLocationSheet.swift in Sources */ = {isa = PBXBuildFile; fileRef = F0BE8C01AA2E0FCB654711ED /* SetDayLocationSheet.swift */; };
		30E959E4EF962B29BBB75D91 /* LocationSearchView.swift in Sources */ = {isa = PBXBuildFile; fileRef = 73686697A543A3C6080237BB /* LocationSearchView.swift */; };
		31E6999E67743BCD36E38036 /* TripListItemEntity.swift in Sources */ = {isa = PBXBuildFile; fileRef = 79D67985624233A5DBA12C28 /* TripListItemEntity.swift */; };
		32EC2DD75A1576ACE9E9D6D2 /* CategoryPicker.swift in Sources */ = {isa = PBXBuildFile; fileRef = BC2954EB81560325CA307686 /* CategoryPicker.swift */; };
		3374536EA6BE901559E3293C /* TripRowView.swift in Sources */ = {isa = PBXBuildFile; fileRef = 22089C6759923E843C1E7D3A /* TripRowView.swift */; };
		3429F789C38992048C8935D4 /* DataManager.swift in Sources */ = {isa = PBXBuildFile; fileRef = 41D5DF2BAB1A33850FC00D8F /* DataManager.swift */; };
		3B6E8D4E988BD273910CFF20 /* TripShareService.swift in Sources */ = {isa = PBXBuildFile; fileRef = 347D1238E81628C861E09A7B /* TripShareService.swift */; };
		3E1F4F55D3CC0BB0E857DE8D /* AISuggestForAddStopSheet.swift in Sources */ = {isa = PBXBuildFile; fileRef = E648DFA571C37F17BCD7A93E /* AISuggestForAddStopSheet.swift */; };
		3FCF6F1935AD5ECADB9C09EE /* BookingEntity.swift in Sources */ = {isa = PBXBuildFile; fileRef = A724FECEC8135DF798A91DA7 /* BookingEntity.swift */; };
		4CA1C72AB6449E4896D835ED /* AITripPlanner.swift in Sources */ = {isa = PBXBuildFile; fileRef = 18FD9F8B2CCE475593185B49 /* AITripPlanner.swift */; };
		58A1EB0F60E26CF1F51FB068 /* TripMapView.swift in Sources */ = {isa = PBXBuildFile; fileRef = 92F5B325724DCE9FF85B62C4 /* TripMapView.swift */; };
		5CD4B06F81A9B4C347D2B8DB /* PersistenceController.swift in Sources */ = {isa = PBXBuildFile; fileRef = 9F77B1962E6F3E078112CF8D /* PersistenceController.swift */; };
		627E0084A7D8A8C7C7C46ED1 /* TravelTimeService.swift in Sources */ = {isa = PBXBuildFile; fileRef = 48DB3BFAB86D88DE48EA69AF /* TravelTimeService.swift */; };
		6E67BC31E7715B4BA7A105E0 /* TripCore in Frameworks */ = {isa = PBXBuildFile; productRef = F0795578EFD2BE814F48EDED /* TripCore */; };
		6FAF7B22D9822A2A6A08DBF8 /* StopDetailView.swift in Sources */ = {isa = PBXBuildFile; fileRef = CD8D85F6BBE375E03EA4AB56 /* StopDetailView.swift */; };
		709A920FAE2276231622F52A /* WelcomeView.swift in Sources */ = {isa = PBXBuildFile; fileRef = 21DCF8A4186E4E704E11743A /* WelcomeView.swift */; };
		70B016EA15194753891BCCE7 /* AddTripSheet.swift in Sources */ = {isa = PBXBuildFile; fileRef = 779D688BA5283CA667DCE043 /* AddTripSheet.swift */; };
		71810FD08205B1034D11BFA7 /* QuickAddStopSheet.swift in Sources */ = {isa = PBXBuildFile; fileRef = 94BE2523A013E0CAF4E14BBC /* QuickAddStopSheet.swift */; };
		7C06894CE57EF812D106D822 /* EditBookingSheet.swift in Sources */ = {isa = PBXBuildFile; fileRef = 07820C703AA7149105C9E732 /* EditBookingSheet.swift */; };
		7D9F16EF0709EBEFC6A247B3 /* TravAITests.swift in Sources */ = {isa = PBXBuildFile; fileRef = 62C25E29E1760DF4600FE88D /* TravAITests.swift */; };
		7F04CD06AC730994DAEE9818 /* WishlistView.swift in Sources */ = {isa = PBXBuildFile; fileRef = A1FF97993067361C1E7BD997 /* WishlistView.swift */; };
		80A50F3C8110B70F397655B9 /* TripPDFGenerator.swift in Sources */ = {isa = PBXBuildFile; fileRef = 12F384B491416CA7C03D1C90 /* TripPDFGenerator.swift */; };
		80F82403743AD32299467534 /* ActiveTripDashboard.swift in Sources */ = {isa = PBXBuildFile; fileRef = 614E4DB3405D4B1A8022EFA0 /* ActiveTripDashboard.swift */; };
		81CAB661CA97E9421FFA9142 /* ImportTripSheet.swift in Sources */ = {isa = PBXBuildFile; fileRef = 796CDAC7C71F6E8CEC464B3A /* ImportTripSheet.swift */; };
		838B4E0B42D5DFAD58B87BA5 /* TimelineStopRow.swift in Sources */ = {isa = PBXBuildFile; fileRef = DCDA4B001362F16234637200 /* TimelineStopRow.swift */; };
		844A2777B231EE7651125D29 /* TripTextExporter.swift in Sources */ = {isa = PBXBuildFile; fileRef = 67A518326BEFE0367AF0CE14 /* TripTextExporter.swift */; };
		850C9B9A8983AD407A268CB3 /* TripListsSection.swift in Sources */ = {isa = PBXBuildFile; fileRef = F4DCBA1956818C412DF3832C /* TripListsSection.swift */; };
		8D80A4BFB1FCEF06E8C3844A /* ShareSheetView.swift in Sources */ = {isa = PBXBuildFile; fileRef = D6547A7B20E757F4B672A702 /* ShareSheetView.swift */; };
		8DFDC9E5D008DF9560B5D00C /* Assets.xcassets in Resources */ = {isa = PBXBuildFile; fileRef = A8BA56B7AB15F18311E9FA36 /* Assets.xcassets */; };
		8F7804FBC6B45A714FD2CC64 /* ContentView.swift in Sources */ = {isa = PBXBuildFile; fileRef = DBEDFE4DCAECD1DF6B256C01 /* ContentView.swift */; };
		9688BD4FA97699AA735A4E89 /* TravAI.xcdatamodeld in Sources */ = {isa = PBXBuildFile; fileRef = B4FBCE81D088E09E3BA7E642 /* TravAI.xcdatamodeld */; };
		96DF44BD6D5A5B00BE7ABE5C /* FullscreenMapSheet.swift in Sources */ = {isa = PBXBuildFile; fileRef = FE0FED4BF4F0ABD7890C4F53 /* FullscreenMapSheet.swift */; };
		99E8A11E9B72371D8712BC28 /* AddBookingSheet.swift in Sources */ = {isa = PBXBuildFile; fileRef = 2705F01D1814BD55136488CB /* AddBookingSheet.swift */; };
		9F9D895A7313F584CE1205DC /* StopLinkEntity.swift in Sources */ = {isa = PBXBuildFile; fileRef = 4BC2192C45B7245F5A940581 /* StopLinkEntity.swift */; };
		A158248FCE13C4A1DE64F169 /* TripTransfer.swift in Sources */ = {isa = PBXBuildFile; fileRef = 0EA7695C59900CAB6C139F22 /* TripTransfer.swift */; };
		AE64A3BDD0C799A07373D8BA /* AddStopSheet.swift in Sources */ = {isa = PBXBuildFile; fileRef = E904DD27DD3CCD7B85275AF8 /* AddStopSheet.swift */; };
		B3D414FCB7BD5B8914437DFE /* BookingDetailView.swift in Sources */ = {isa = PBXBuildFile; fileRef = DCEA385B1D95E27D17DD2C66 /* BookingDetailView.swift */; };
		B87264ED2BEAC2090AC8E870 /* TripListEntity.swift in Sources */ = {isa = PBXBuildFile; fileRef = 5F09D79C7E1132496A8A6DC0 /* TripListEntity.swift */; };
		BBD686753446426615607842 /* TripDetailView.swift in Sources */ = {isa = PBXBuildFile; fileRef = 850C17D9170C3496ACCA7DEE /* TripDetailView.swift */; };
		BFAC7D69E4DE462B3A283C05 /* TripListView.swift in Sources */ = {isa = PBXBuildFile; fileRef = AC3A7823A825F2F05171A335 /* TripListView.swift */; };
		C00775AF10A0B62028E40BF1 /* TravelTimeRow.swift in Sources */ = {isa = PBXBuildFile; fileRef = 9B560135B8EA6AFAE4F8D6FA /* TravelTimeRow.swift */; };
		C4DF7DF90B7C41D8FE0AA6D6 /* ImportBookingSheet.swift in Sources */ = {isa = PBXBuildFile; fileRef = 9F2B527008CC0BCB693DF2C8 /* ImportBookingSheet.swift */; };
		C5629CB349C5D2B40BE8FDBA /* NearbyAISuggestSheet.swift in Sources */ = {isa = PBXBuildFile; fileRef = 130AE42929DE13ABF90A2C8C /* NearbyAISuggestSheet.swift */; };
		C6A4D9EF1F65A4EE6D3F9AC8 /* TripCore in Frameworks */ = {isa = PBXBuildFile; productRef = 5C52B2F53F28882C721E265D /* TripCore */; };
		C6CAB5C1D345037555407FCC /* CalendarService.swift in Sources */ = {isa = PBXBuildFile; fileRef = 754351F5FE2E7D70640AEC41 /* CalendarService.swift */; };
		D04D4A306A6DDCCF19F3AD5F /* StopRowView.swift in Sources */ = {isa = PBXBuildFile; fileRef = DEBA2C7337BB5B02F5F29707 /* StopRowView.swift */; };
		D09F2C66DE05F125A45F594B /* StopTodoEntity.swift in Sources */ = {isa = PBXBuildFile; fileRef = F65D0D679A576BAC9A92A0FC /* StopTodoEntity.swift */; };
		D24162844417AD98682CB2DF /* AddExpenseSheet.swift in Sources */ = {isa = PBXBuildFile; fileRef = 0DDFC5ED6DE8E71632B7B47E /* AddExpenseSheet.swift */; };
		D865FB4E22EC3847109EBFC5 /* EditStopSheet.swift in Sources */ = {isa = PBXBuildFile; fileRef = D6482F0040850955C2E52449 /* EditStopSheet.swift */; };
		D956E06E92ACF5D93CB17187 /* BudgetSection.swift in Sources */ = {isa = PBXBuildFile; fileRef = 37B4912995AE4875BB411621 /* BudgetSection.swift */; };
		DF232C78F7E97371B968BE66 /* StatusBadge.swift in Sources */ = {isa = PBXBuildFile; fileRef = 5D7F799738AA85F3D83C43E2 /* StatusBadge.swift */; };
		E29A2BD44059E6AE7EE91C2F /* ExpenseEntity.swift in Sources */ = {isa = PBXBuildFile; fileRef = 94384AC453375BC077C0B5ED /* ExpenseEntity.swift */; };
		E38D0D851E5ADB866BC54D6D /* SuggestStopsSheet.swift in Sources */ = {isa = PBXBuildFile; fileRef = CFEA30B5BD5C335319528CE4 /* SuggestStopsSheet.swift */; };
		E3932AE53FAFC73B5E59DA1E /* SharingDiagnosticView.swift in Sources */ = {isa = PBXBuildFile; fileRef = 73647CC70FBAEA4B14FD76E8 /* SharingDiagnosticView.swift */; };
		E517E6690A961434F4B8ACD5 /* PhotoLibraryService.swift in Sources */ = {isa = PBXBuildFile; fileRef = EF0B7C57C16F76B250C4894F /* PhotoLibraryService.swift */; };
		ECB334CEC171D6DC765A5557 /* LocationManager.swift in Sources */ = {isa = PBXBuildFile; fileRef = B3C658D104E34436DDCC53AF /* LocationManager.swift */; };
		F394E8AC1D7BCE68A81F0B4B /* CloudKitSharingService.swift in Sources */ = {isa = PBXBuildFile; fileRef = 9A21CC7F12818E3D57A9692D /* CloudKitSharingService.swift */; };
		F6108D6A4F9EF841D61FA6E0 /* SettingsView.swift in Sources */ = {isa = PBXBuildFile; fileRef = DBFA38586B675D7E86A1B345 /* SettingsView.swift */; };
		FDC0C0EA840C942CAC33004E /* LocateStopSheet.swift in Sources */ = {isa = PBXBuildFile; fileRef = B34370E91E438E1ECB7E4915 /* LocateStopSheet.swift */; };
		FE06992043929E1A7690B91C /* DayEntity.swift in Sources */ = {isa = PBXBuildFile; fileRef = 2E824FDDEB08B44C5E0659A9 /* DayEntity.swift */; };
/* End PBXBuildFile section */

/* Begin PBXContainerItemProxy section */
		68CAB3043C3ABF087A2651B8 /* PBXContainerItemProxy */ = {
			isa = PBXContainerItemProxy;
			containerPortal = 40ADF59A6B41EE0EBAC6E474 /* Project object */;
			proxyType = 1;
			remoteGlobalIDString = 274F8D6B36ED64523393D1B2;
			remoteInfo = TravAI;
		};
/* End PBXContainerItemProxy section */

/* Begin PBXFileReference section */
		0502AF088648E4A81A3D44DB /* PasteItinerarySheet.swift */ = {isa = PBXFileReference; lastKnownFileType = sourcecode.swift; path = PasteItinerarySheet.swift; sourceTree = "<group>"; };
		07820C703AA7149105C9E732 /* EditBookingSheet.swift */ = {isa = PBXFileReference; lastKnownFileType = sourcecode.swift; path = EditBookingSheet.swift; sourceTree = "<group>"; };
		0D3D255C5C3178B563B54475 /* TravAI.entitlements */ = {isa = PBXFileReference; lastKnownFileType = text.plist.entitlements; path = TravAI.entitlements; sourceTree = "<group>"; };
		0DDFC5ED6DE8E71632B7B47E /* AddExpenseSheet.swift */ = {isa = PBXFileReference; lastKnownFileType = sourcecode.swift; path = AddExpenseSheet.swift; sourceTree = "<group>"; };
		0EA7695C59900CAB6C139F22 /* TripTransfer.swift */ = {isa = PBXFileReference; lastKnownFileType = sourcecode.swift; path = TripTransfer.swift; sourceTree = "<group>"; };
		12F384B491416CA7C03D1C90 /* TripPDFGenerator.swift */ = {isa = PBXFileReference; lastKnownFileType = sourcecode.swift; path = TripPDFGenerator.swift; sourceTree = "<group>"; };
		130AE42929DE13ABF90A2C8C /* NearbyAISuggestSheet.swift */ = {isa = PBXFileReference; lastKnownFileType = sourcecode.swift; path = NearbyAISuggestSheet.swift; sourceTree = "<group>"; };
		18FD9F8B2CCE475593185B49 /* AITripPlanner.swift */ = {isa = PBXFileReference; lastKnownFileType = sourcecode.swift; path = AITripPlanner.swift; sourceTree = "<group>"; };
		21DCF8A4186E4E704E11743A /* WelcomeView.swift */ = {isa = PBXFileReference; lastKnownFileType = sourcecode.swift; path = WelcomeView.swift; sourceTree = "<group>"; };
		22089C6759923E843C1E7D3A /* TripRowView.swift */ = {isa = PBXFileReference; lastKnownFileType = sourcecode.swift; path = TripRowView.swift; sourceTree = "<group>"; };
		240B92254F00052C724FCD17 /* TravAI.xcdatamodel */ = {isa = PBXFileReference; lastKnownFileType = wrapper.xcdatamodel; path = TravAI.xcdatamodel; sourceTree = "<group>"; };
		2705F01D1814BD55136488CB /* AddBookingSheet.swift */ = {isa = PBXFileReference; lastKnownFileType = sourcecode.swift; path = AddBookingSheet.swift; sourceTree = "<group>"; };
		2E824FDDEB08B44C5E0659A9 /* DayEntity.swift */ = {isa = PBXFileReference; lastKnownFileType = sourcecode.swift; path = DayEntity.swift; sourceTree = "<group>"; };
		2FE25B45E23F7B37469CA13C /* WeatherSection.swift */ = {isa = PBXFileReference; lastKnownFileType = sourcecode.swift; path = WeatherSection.swift; sourceTree = "<group>"; };
		347D1238E81628C861E09A7B /* TripShareService.swift */ = {isa = PBXFileReference; lastKnownFileType = sourcecode.swift; path = TripShareService.swift; sourceTree = "<group>"; };
		37B4912995AE4875BB411621 /* BudgetSection.swift */ = {isa = PBXFileReference; lastKnownFileType = sourcecode.swift; path = BudgetSection.swift; sourceTree = "<group>"; };
		41D5DF2BAB1A33850FC00D8F /* DataManager.swift */ = {isa = PBXFileReference; lastKnownFileType = sourcecode.swift; path = DataManager.swift; sourceTree = "<group>"; };
		48DB3BFAB86D88DE48EA69AF /* TravelTimeService.swift */ = {isa = PBXFileReference; lastKnownFileType = sourcecode.swift; path = TravelTimeService.swift; sourceTree = "<group>"; };
		4BC2192C45B7245F5A940581 /* StopLinkEntity.swift */ = {isa = PBXFileReference; lastKnownFileType = sourcecode.swift; path = StopLinkEntity.swift; sourceTree = "<group>"; };
		5026C44BA2BEE146E7298162 /* CommentEntity.swift */ = {isa = PBXFileReference; lastKnownFileType = sourcecode.swift; path = CommentEntity.swift; sourceTree = "<group>"; };
		5D7F799738AA85F3D83C43E2 /* StatusBadge.swift */ = {isa = PBXFileReference; lastKnownFileType = sourcecode.swift; path = StatusBadge.swift; sourceTree = "<group>"; };
		5F09D79C7E1132496A8A6DC0 /* TripListEntity.swift */ = {isa = PBXFileReference; lastKnownFileType = sourcecode.swift; path = TripListEntity.swift; sourceTree = "<group>"; };
		614E4DB3405D4B1A8022EFA0 /* ActiveTripDashboard.swift */ = {isa = PBXFileReference; lastKnownFileType = sourcecode.swift; path = ActiveTripDashboard.swift; sourceTree = "<group>"; };
		614F97540646F1721E6DDF49 /* TripCore */ = {isa = PBXFileReference; lastKnownFileType = folder; name = TripCore; path = Packages/TripCore; sourceTree = SOURCE_ROOT; };
		62C25E29E1760DF4600FE88D /* TravAITests.swift */ = {isa = PBXFileReference; lastKnownFileType = sourcecode.swift; path = TravAITests.swift; sourceTree = "<group>"; };
		67A518326BEFE0367AF0CE14 /* TripTextExporter.swift */ = {isa = PBXFileReference; lastKnownFileType = sourcecode.swift; path = TripTextExporter.swift; sourceTree = "<group>"; };
		73647CC70FBAEA4B14FD76E8 /* SharingDiagnosticView.swift */ = {isa = PBXFileReference; lastKnownFileType = sourcecode.swift; path = SharingDiagnosticView.swift; sourceTree = "<group>"; };
		73686697A543A3C6080237BB /* LocationSearchView.swift */ = {isa = PBXFileReference; lastKnownFileType = sourcecode.swift; path = LocationSearchView.swift; sourceTree = "<group>"; };
		740C7CE35E1E759BC78C6760 /* PrivacyInfo.xcprivacy */ = {isa = PBXFileReference; path = PrivacyInfo.xcprivacy; sourceTree = "<group>"; };
		754351F5FE2E7D70640AEC41 /* CalendarService.swift */ = {isa = PBXFileReference; lastKnownFileType = sourcecode.swift; path = CalendarService.swift; sourceTree = "<group>"; };
		779D688BA5283CA667DCE043 /* AddTripSheet.swift */ = {isa = PBXFileReference; lastKnownFileType = sourcecode.swift; path = AddTripSheet.swift; sourceTree = "<group>"; };
		796CDAC7C71F6E8CEC464B3A /* ImportTripSheet.swift */ = {isa = PBXFileReference; lastKnownFileType = sourcecode.swift; path = ImportTripSheet.swift; sourceTree = "<group>"; };
		79D67985624233A5DBA12C28 /* TripListItemEntity.swift */ = {isa = PBXFileReference; lastKnownFileType = sourcecode.swift; path = TripListItemEntity.swift; sourceTree = "<group>"; };
		7E3249B5B3877A21817C4797 /* StopPhotosView.swift */ = {isa = PBXFileReference; lastKnownFileType = sourcecode.swift; path = StopPhotosView.swift; sourceTree = "<group>"; };
		84A1F94212E0CA4B773A9A66 /* CloudSharingView.swift */ = {isa = PBXFileReference; lastKnownFileType = sourcecode.swift; path = CloudSharingView.swift; sourceTree = "<group>"; };
		850C17D9170C3496ACCA7DEE /* TripDetailView.swift */ = {isa = PBXFileReference; lastKnownFileType = sourcecode.swift; path = TripDetailView.swift; sourceTree = "<group>"; };
		92F5B325724DCE9FF85B62C4 /* TripMapView.swift */ = {isa = PBXFileReference; lastKnownFileType = sourcecode.swift; path = TripMapView.swift; sourceTree = "<group>"; };
		94384AC453375BC077C0B5ED /* ExpenseEntity.swift */ = {isa = PBXFileReference; lastKnownFileType = sourcecode.swift; path = ExpenseEntity.swift; sourceTree = "<group>"; };
		94BE2523A013E0CAF4E14BBC /* QuickAddStopSheet.swift */ = {isa = PBXFileReference; lastKnownFileType = sourcecode.swift; path = QuickAddStopSheet.swift; sourceTree = "<group>"; };
		9A21CC7F12818E3D57A9692D /* CloudKitSharingService.swift */ = {isa = PBXFileReference; lastKnownFileType = sourcecode.swift; path = CloudKitSharingService.swift; sourceTree = "<group>"; };
		9B560135B8EA6AFAE4F8D6FA /* TravelTimeRow.swift */ = {isa = PBXFileReference; lastKnownFileType = sourcecode.swift; path = TravelTimeRow.swift; sourceTree = "<group>"; };
		9DD0F3EF8928AF70350C0A6D /* WishlistItemEntity.swift */ = {isa = PBXFileReference; lastKnownFileType = sourcecode.swift; path = WishlistItemEntity.swift; sourceTree = "<group>"; };
		9F2B527008CC0BCB693DF2C8 /* ImportBookingSheet.swift */ = {isa = PBXFileReference; lastKnownFileType = sourcecode.swift; path = ImportBookingSheet.swift; sourceTree = "<group>"; };
		9F77B1962E6F3E078112CF8D /* PersistenceController.swift */ = {isa = PBXFileReference; lastKnownFileType = sourcecode.swift; path = PersistenceController.swift; sourceTree = "<group>"; };
		A1FF97993067361C1E7BD997 /* WishlistView.swift */ = {isa = PBXFileReference; lastKnownFileType = sourcecode.swift; path = WishlistView.swift; sourceTree = "<group>"; };
		A4BFFBCFA30A6DED6F9E2565 /* Info.plist */ = {isa = PBXFileReference; lastKnownFileType = text.plist; path = Info.plist; sourceTree = "<group>"; };
		A724FECEC8135DF798A91DA7 /* BookingEntity.swift */ = {isa = PBXFileReference; lastKnownFileType = sourcecode.swift; path = BookingEntity.swift; sourceTree = "<group>"; };
		A8BA56B7AB15F18311E9FA36 /* Assets.xcassets */ = {isa = PBXFileReference; lastKnownFileType = folder.assetcatalog; path = Assets.xcassets; sourceTree = "<group>"; };
		ABFECE24FA841794983D0347 /* EditTripSheet.swift */ = {isa = PBXFileReference; lastKnownFileType = sourcecode.swift; path = EditTripSheet.swift; sourceTree = "<group>"; };
		AC3A7823A825F2F05171A335 /* TripListView.swift */ = {isa = PBXFileReference; lastKnownFileType = sourcecode.swift; path = TripListView.swift; sourceTree = "<group>"; };
		AEE8961F499B19AE0A183214 /* WeatherService.swift */ = {isa = PBXFileReference; lastKnownFileType = sourcecode.swift; path = WeatherService.swift; sourceTree = "<group>"; };
		B34370E91E438E1ECB7E4915 /* LocateStopSheet.swift */ = {isa = PBXFileReference; lastKnownFileType = sourcecode.swift; path = LocateStopSheet.swift; sourceTree = "<group>"; };
		B3C658D104E34436DDCC53AF /* LocationManager.swift */ = {isa = PBXFileReference; lastKnownFileType = sourcecode.swift; path = LocationManager.swift; sourceTree = "<group>"; };
		BC2954EB81560325CA307686 /* CategoryPicker.swift */ = {isa = PBXFileReference; lastKnownFileType = sourcecode.swift; path = CategoryPicker.swift; sourceTree = "<group>"; };
		CD8D85F6BBE375E03EA4AB56 /* StopDetailView.swift */ = {isa = PBXFileReference; lastKnownFileType = sourcecode.swift; path = StopDetailView.swift; sourceTree = "<group>"; };
		CFEA30B5BD5C335319528CE4 /* SuggestStopsSheet.swift */ = {isa = PBXFileReference; lastKnownFileType = sourcecode.swift; path = SuggestStopsSheet.swift; sourceTree = "<group>"; };
		D6482F0040850955C2E52449 /* EditStopSheet.swift */ = {isa = PBXFileReference; lastKnownFileType = sourcecode.swift; path = EditStopSheet.swift; sourceTree = "<group>"; };
		D6547A7B20E757F4B672A702 /* ShareSheetView.swift */ = {isa = PBXFileReference; lastKnownFileType = sourcecode.swift; path = ShareSheetView.swift; sourceTree = "<group>"; };
		DBEDFE4DCAECD1DF6B256C01 /* ContentView.swift */ = {isa = PBXFileReference; lastKnownFileType = sourcecode.swift; path = ContentView.swift; sourceTree = "<group>"; };
		DBFA38586B675D7E86A1B345 /* SettingsView.swift */ = {isa = PBXFileReference; lastKnownFileType = sourcecode.swift; path = SettingsView.swift; sourceTree = "<group>"; };
		DCDA4B001362F16234637200 /* TimelineStopRow.swift */ = {isa = PBXFileReference; lastKnownFileType = sourcecode.swift; path = TimelineStopRow.swift; sourceTree = "<group>"; };
		DCEA385B1D95E27D17DD2C66 /* BookingDetailView.swift */ = {isa = PBXFileReference; lastKnownFileType = sourcecode.swift; path = BookingDetailView.swift; sourceTree = "<group>"; };
		DEBA2C7337BB5B02F5F29707 /* StopRowView.swift */ = {isa = PBXFileReference; lastKnownFileType = sourcecode.swift; path = StopRowView.swift; sourceTree = "<group>"; };
		DF5CAA6C9EE6859C7B5147DB /* TravAITests.xctest */ = {isa = PBXFileReference; includeInIndex = 0; lastKnownFileType = wrapper.cfbundle; path = TravAITests.xctest; sourceTree = BUILT_PRODUCTS_DIR; };
		E0FF1A9622F8D302D6EA934B /* TripEntity.swift */ = {isa = PBXFileReference; lastKnownFileType = sourcecode.swift; path = TripEntity.swift; sourceTree = "<group>"; };
		E648DFA571C37F17BCD7A93E /* AISuggestForAddStopSheet.swift */ = {isa = PBXFileReference; lastKnownFileType = sourcecode.swift; path = AISuggestForAddStopSheet.swift; sourceTree = "<group>"; };
		E7F4734E57AB0EB307672382 /* TravAI.app */ = {isa = PBXFileReference; includeInIndex = 0; lastKnownFileType = wrapper.application; path = TravAI.app; sourceTree = BUILT_PRODUCTS_DIR; };
		E904DD27DD3CCD7B85275AF8 /* AddStopSheet.swift */ = {isa = PBXFileReference; lastKnownFileType = sourcecode.swift; path = AddStopSheet.swift; sourceTree = "<group>"; };
		EF0B7C57C16F76B250C4894F /* PhotoLibraryService.swift */ = {isa = PBXFileReference; lastKnownFileType = sourcecode.swift; path = PhotoLibraryService.swift; sourceTree = "<group>"; };
		F0BE8C01AA2E0FCB654711ED /* SetDayLocationSheet.swift */ = {isa = PBXFileReference; lastKnownFileType = sourcecode.swift; path = SetDayLocationSheet.swift; sourceTree = "<group>"; };
		F3C6170077E07008FB05ED8F /* TravAIApp.swift */ = {isa = PBXFileReference; lastKnownFileType = sourcecode.swift; path = TravAIApp.swift; sourceTree = "<group>"; };
		F4DCBA1956818C412DF3832C /* TripListsSection.swift */ = {isa = PBXFileReference; lastKnownFileType = sourcecode.swift; path = TripListsSection.swift; sourceTree = "<group>"; };
		F65D0D679A576BAC9A92A0FC /* StopTodoEntity.swift */ = {isa = PBXFileReference; lastKnownFileType = sourcecode.swift; path = StopTodoEntity.swift; sourceTree = "<group>"; };
		FE0FED4BF4F0ABD7890C4F53 /* FullscreenMapSheet.swift */ = {isa = PBXFileReference; lastKnownFileType = sourcecode.swift; path = FullscreenMapSheet.swift; sourceTree = "<group>"; };
		FE90977A4BD07026623ACB82 /* StopEntity.swift */ = {isa = PBXFileReference; lastKnownFileType = sourcecode.swift; path = StopEntity.swift; sourceTree = "<group>"; };
/* End PBXFileReference section */

/* Begin PBXFrameworksBuildPhase section */
		53A9A0C86364C3499ED93D9E /* Frameworks */ = {
			isa = PBXFrameworksBuildPhase;
			buildActionMask = 2147483647;
			files = (
				C6A4D9EF1F65A4EE6D3F9AC8 /* TripCore in Frameworks */,
			);
			runOnlyForDeploymentPostprocessing = 0;
		};
		EF71960EDA3BECEFCC18E6AC /* Frameworks */ = {
			isa = PBXFrameworksBuildPhase;
			buildActionMask = 2147483647;
			files = (
				6E67BC31E7715B4BA7A105E0 /* TripCore in Frameworks */,
			);
			runOnlyForDeploymentPostprocessing = 0;
		};
/* End PBXFrameworksBuildPhase section */

/* Begin PBXGroup section */
		0112314BB9A3941E60362269 /* TravAITests */ = {
			isa = PBXGroup;
			children = (
				62C25E29E1760DF4600FE88D /* TravAITests.swift */,
			);
			path = TravAITests;
			sourceTree = "<group>";
		};
		0A999E51A12D90CBB5186C20 /* Packages */ = {
			isa = PBXGroup;
			children = (
				614F97540646F1721E6DDF49 /* TripCore */,
			);
			path = Packages;
			sourceTree = "<group>";
		};
		254E720F40E7F4F6D997C5B0 = {
			isa = PBXGroup;
			children = (
				0A999E51A12D90CBB5186C20 /* Packages */,
				50AC30ED93570816BF551F8B /* TravAI */,
				0112314BB9A3941E60362269 /* TravAITests */,
				C7D02D0541FD519582362995 /* Products */,
			);
			sourceTree = "<group>";
		};
		30D9995EE4F8E7EECBD7487B /* Data */ = {
			isa = PBXGroup;
			children = (
				A724FECEC8135DF798A91DA7 /* BookingEntity.swift */,
				5026C44BA2BEE146E7298162 /* CommentEntity.swift */,
				41D5DF2BAB1A33850FC00D8F /* DataManager.swift */,
				2E824FDDEB08B44C5E0659A9 /* DayEntity.swift */,
				94384AC453375BC077C0B5ED /* ExpenseEntity.swift */,
				9F77B1962E6F3E078112CF8D /* PersistenceController.swift */,
				FE90977A4BD07026623ACB82 /* StopEntity.swift */,
				4BC2192C45B7245F5A940581 /* StopLinkEntity.swift */,
				F65D0D679A576BAC9A92A0FC /* StopTodoEntity.swift */,
				B4FBCE81D088E09E3BA7E642 /* TravAI.xcdatamodeld */,
				E0FF1A9622F8D302D6EA934B /* TripEntity.swift */,
				5F09D79C7E1132496A8A6DC0 /* TripListEntity.swift */,
				79D67985624233A5DBA12C28 /* TripListItemEntity.swift */,
				0EA7695C59900CAB6C139F22 /* TripTransfer.swift */,
				9DD0F3EF8928AF70350C0A6D /* WishlistItemEntity.swift */,
			);
			path = Data;
			sourceTree = "<group>";
		};
		35BF67DE897ACD90950D48F0 /* Views */ = {
			isa = PBXGroup;
			children = (
				614E4DB3405D4B1A8022EFA0 /* ActiveTripDashboard.swift */,
				2705F01D1814BD55136488CB /* AddBookingSheet.swift */,
				0DDFC5ED6DE8E71632B7B47E /* AddExpenseSheet.swift */,
				E904DD27DD3CCD7B85275AF8 /* AddStopSheet.swift */,
				779D688BA5283CA667DCE043 /* AddTripSheet.swift */,
				DCEA385B1D95E27D17DD2C66 /* BookingDetailView.swift */,
				37B4912995AE4875BB411621 /* BudgetSection.swift */,
				07820C703AA7149105C9E732 /* EditBookingSheet.swift */,
				D6482F0040850955C2E52449 /* EditStopSheet.swift */,
				ABFECE24FA841794983D0347 /* EditTripSheet.swift */,
				9F2B527008CC0BCB693DF2C8 /* ImportBookingSheet.swift */,
				796CDAC7C71F6E8CEC464B3A /* ImportTripSheet.swift */,
				B34370E91E438E1ECB7E4915 /* LocateStopSheet.swift */,
				130AE42929DE13ABF90A2C8C /* NearbyAISuggestSheet.swift */,
				0502AF088648E4A81A3D44DB /* PasteItinerarySheet.swift */,
				94BE2523A013E0CAF4E14BBC /* QuickAddStopSheet.swift */,
				F0BE8C01AA2E0FCB654711ED /* SetDayLocationSheet.swift */,
				DBFA38586B675D7E86A1B345 /* SettingsView.swift */,
				73647CC70FBAEA4B14FD76E8 /* SharingDiagnosticView.swift */,
				CD8D85F6BBE375E03EA4AB56 /* StopDetailView.swift */,
				CFEA30B5BD5C335319528CE4 /* SuggestStopsSheet.swift */,
				850C17D9170C3496ACCA7DEE /* TripDetailView.swift */,
				F4DCBA1956818C412DF3832C /* TripListsSection.swift */,
				AC3A7823A825F2F05171A335 /* TripListView.swift */,
				92F5B325724DCE9FF85B62C4 /* TripMapView.swift */,
				21DCF8A4186E4E704E11743A /* WelcomeView.swift */,
				A1FF97993067361C1E7BD997 /* WishlistView.swift */,
				3A866FDB14C1CD129E6EDAC1 /* Components */,
			);
			path = Views;
			sourceTree = "<group>";
		};
		37DF0E52FEAFB27065D1EA71 /* Services */ = {
			isa = PBXGroup;
			children = (
				18FD9F8B2CCE475593185B49 /* AITripPlanner.swift */,
				754351F5FE2E7D70640AEC41 /* CalendarService.swift */,
				9A21CC7F12818E3D57A9692D /* CloudKitSharingService.swift */,
				B3C658D104E34436DDCC53AF /* LocationManager.swift */,
				EF0B7C57C16F76B250C4894F /* PhotoLibraryService.swift */,
				48DB3BFAB86D88DE48EA69AF /* TravelTimeService.swift */,
				12F384B491416CA7C03D1C90 /* TripPDFGenerator.swift */,
				347D1238E81628C861E09A7B /* TripShareService.swift */,
				67A518326BEFE0367AF0CE14 /* TripTextExporter.swift */,
				AEE8961F499B19AE0A183214 /* WeatherService.swift */,
			);
			path = Services;
			sourceTree = "<group>";
		};
		3A866FDB14C1CD129E6EDAC1 /* Components */ = {
			isa = PBXGroup;
			children = (
				E648DFA571C37F17BCD7A93E /* AISuggestForAddStopSheet.swift */,
				BC2954EB81560325CA307686 /* CategoryPicker.swift */,
				84A1F94212E0CA4B773A9A66 /* CloudSharingView.swift */,
				FE0FED4BF4F0ABD7890C4F53 /* FullscreenMapSheet.swift */,
				73686697A543A3C6080237BB /* LocationSearchView.swift */,
				D6547A7B20E757F4B672A702 /* ShareSheetView.swift */,
				5D7F799738AA85F3D83C43E2 /* StatusBadge.swift */,
				7E3249B5B3877A21817C4797 /* StopPhotosView.swift */,
				DEBA2C7337BB5B02F5F29707 /* StopRowView.swift */,
				DCDA4B001362F16234637200 /* TimelineStopRow.swift */,
				9B560135B8EA6AFAE4F8D6FA /* TravelTimeRow.swift */,
				22089C6759923E843C1E7D3A /* TripRowView.swift */,
				2FE25B45E23F7B37469CA13C /* WeatherSection.swift */,
			);
			path = Components;
			sourceTree = "<group>";
		};
		50AC30ED93570816BF551F8B /* TravAI */ = {
			isa = PBXGroup;
			children = (
				A8BA56B7AB15F18311E9FA36 /* Assets.xcassets */,
				DBEDFE4DCAECD1DF6B256C01 /* ContentView.swift */,
				A4BFFBCFA30A6DED6F9E2565 /* Info.plist */,
				740C7CE35E1E759BC78C6760 /* PrivacyInfo.xcprivacy */,
				0D3D255C5C3178B563B54475 /* TravAI.entitlements */,
				F3C6170077E07008FB05ED8F /* TravAIApp.swift */,
				30D9995EE4F8E7EECBD7487B /* Data */,
				37DF0E52FEAFB27065D1EA71 /* Services */,
				35BF67DE897ACD90950D48F0 /* Views */,
			);
			path = TravAI;
			sourceTree = "<group>";
		};
		C7D02D0541FD519582362995 /* Products */ = {
			isa = PBXGroup;
			children = (
				E7F4734E57AB0EB307672382 /* TravAI.app */,
				DF5CAA6C9EE6859C7B5147DB /* TravAITests.xctest */,
			);
			name = Products;
			sourceTree = "<group>";
		};
/* End PBXGroup section */

/* Begin PBXNativeTarget section */
		274F8D6B36ED64523393D1B2 /* TravAI */ = {
			isa = PBXNativeTarget;
			buildConfigurationList = 76CC97230B5B991297051772 /* Build configuration list for PBXNativeTarget "TravAI" */;
			buildPhases = (
				A7CCE611290F35068826E25A /* Sources */,
				1B3218BF75053C8D722A2555 /* Resources */,
				53A9A0C86364C3499ED93D9E /* Frameworks */,
			);
			buildRules = (
			);
			dependencies = (
			);
			name = TravAI;
			packageProductDependencies = (
				5C52B2F53F28882C721E265D /* TripCore */,
			);
			productName = TravAI;
			productReference = E7F4734E57AB0EB307672382 /* TravAI.app */;
			productType = "com.apple.product-type.application";
		};
		FF4D165A811F3C52705B4762 /* TravAITests */ = {
			isa = PBXNativeTarget;
			buildConfigurationList = FE63C2029A437EE6B94DF45B /* Build configuration list for PBXNativeTarget "TravAITests" */;
			buildPhases = (
				C41F4C8700C508500CF23868 /* Sources */,
				EF71960EDA3BECEFCC18E6AC /* Frameworks */,
			);
			buildRules = (
			);
			dependencies = (
				00818AD9D45EAA94A9FEABE2 /* PBXTargetDependency */,
			);
			name = TravAITests;
			packageProductDependencies = (
				F0795578EFD2BE814F48EDED /* TripCore */,
			);
			productName = TravAITests;
			productReference = DF5CAA6C9EE6859C7B5147DB /* TravAITests.xctest */;
			productType = "com.apple.product-type.bundle.unit-test";
		};
/* End PBXNativeTarget section */

/* Begin PBXProject section */
		40ADF59A6B41EE0EBAC6E474 /* Project object */ = {
			isa = PBXProject;
			attributes = {
				BuildIndependentTargetsInParallel = YES;
				LastUpgradeCheck = 2620;
				TargetAttributes = {
					274F8D6B36ED64523393D1B2 = {
						DevelopmentTeam = A6VYGLF4DB;
						ProvisioningStyle = Automatic;
					};
				};
			};
			buildConfigurationList = 2D9871F42FC8516C8954B1B2 /* Build configuration list for PBXProject "TravAI" */;
			compatibilityVersion = "Xcode 14.0";
			developmentRegion = en;
			hasScannedForEncodings = 0;
			knownRegions = (
				Base,
				en,
			);
			mainGroup = 254E720F40E7F4F6D997C5B0;
			minimizedProjectReferenceProxies = 1;
			packageReferences = (
				FE8ED86FA1E1D199CA8B1092 /* XCLocalSwiftPackageReference "Packages/TripCore" */,
			);
			preferredProjectObjectVersion = 77;
			projectDirPath = "";
			projectRoot = "";
			targets = (
				274F8D6B36ED64523393D1B2 /* TravAI */,
				FF4D165A811F3C52705B4762 /* TravAITests */,
			);
		};
/* End PBXProject section */

/* Begin PBXResourcesBuildPhase section */
		1B3218BF75053C8D722A2555 /* Resources */ = {
			isa = PBXResourcesBuildPhase;
			buildActionMask = 2147483647;
			files = (
				8DFDC9E5D008DF9560B5D00C /* Assets.xcassets in Resources */,
				25DE584A9F23BD39F97A9AA4 /* PrivacyInfo.xcprivacy in Resources */,
			);
			runOnlyForDeploymentPostprocessing = 0;
		};
/* End PBXResourcesBuildPhase section */

/* Begin PBXSourcesBuildPhase section */
		A7CCE611290F35068826E25A /* Sources */ = {
			isa = PBXSourcesBuildPhase;
			buildActionMask = 2147483647;
			files = (
				3E1F4F55D3CC0BB0E857DE8D /* AISuggestForAddStopSheet.swift in Sources */,
				4CA1C72AB6449E4896D835ED /* AITripPlanner.swift in Sources */,
				80F82403743AD32299467534 /* ActiveTripDashboard.swift in Sources */,
				99E8A11E9B72371D8712BC28 /* AddBookingSheet.swift in Sources */,
				D24162844417AD98682CB2DF /* AddExpenseSheet.swift in Sources */,
				AE64A3BDD0C799A07373D8BA /* AddStopSheet.swift in Sources */,
				70B016EA15194753891BCCE7 /* AddTripSheet.swift in Sources */,
				B3D414FCB7BD5B8914437DFE /* BookingDetailView.swift in Sources */,
				3FCF6F1935AD5ECADB9C09EE /* BookingEntity.swift in Sources */,
				D956E06E92ACF5D93CB17187 /* BudgetSection.swift in Sources */,
				C6CAB5C1D345037555407FCC /* CalendarService.swift in Sources */,
				32EC2DD75A1576ACE9E9D6D2 /* CategoryPicker.swift in Sources */,
				F394E8AC1D7BCE68A81F0B4B /* CloudKitSharingService.swift in Sources */,
				147B17172D190069AE40C78A /* CloudSharingView.swift in Sources */,
				18EFA9708E8F9609BF7AC900 /* CommentEntity.swift in Sources */,
				8F7804FBC6B45A714FD2CC64 /* ContentView.swift in Sources */,
				3429F789C38992048C8935D4 /* DataManager.swift in Sources */,
				FE06992043929E1A7690B91C /* DayEntity.swift in Sources */,
				7C06894CE57EF812D106D822 /* EditBookingSheet.swift in Sources */,
				D865FB4E22EC3847109EBFC5 /* EditStopSheet.swift in Sources */,
				0C66D78BE28DCA1849D430C2 /* EditTripSheet.swift in Sources */,
				E29A2BD44059E6AE7EE91C2F /* ExpenseEntity.swift in Sources */,
				96DF44BD6D5A5B00BE7ABE5C /* FullscreenMapSheet.swift in Sources */,
				C4DF7DF90B7C41D8FE0AA6D6 /* ImportBookingSheet.swift in Sources */,
				81CAB661CA97E9421FFA9142 /* ImportTripSheet.swift in Sources */,
				FDC0C0EA840C942CAC33004E /* LocateStopSheet.swift in Sources */,
				ECB334CEC171D6DC765A5557 /* LocationManager.swift in Sources */,
				30E959E4EF962B29BBB75D91 /* LocationSearchView.swift in Sources */,
				C5629CB349C5D2B40BE8FDBA /* NearbyAISuggestSheet.swift in Sources */,
				23E9F50466B72E16129EED4C /* PasteItinerarySheet.swift in Sources */,
				5CD4B06F81A9B4C347D2B8DB /* PersistenceController.swift in Sources */,
				E517E6690A961434F4B8ACD5 /* PhotoLibraryService.swift in Sources */,
				71810FD08205B1034D11BFA7 /* QuickAddStopSheet.swift in Sources */,
				2A197036847964D2BA72C3E9 /* SetDayLocationSheet.swift in Sources */,
				F6108D6A4F9EF841D61FA6E0 /* SettingsView.swift in Sources */,
				8D80A4BFB1FCEF06E8C3844A /* ShareSheetView.swift in Sources */,
				E3932AE53FAFC73B5E59DA1E /* SharingDiagnosticView.swift in Sources */,
				DF232C78F7E97371B968BE66 /* StatusBadge.swift in Sources */,
				6FAF7B22D9822A2A6A08DBF8 /* StopDetailView.swift in Sources */,
				141007CBC3B55EA2EF7F061E /* StopEntity.swift in Sources */,
				9F9D895A7313F584CE1205DC /* StopLinkEntity.swift in Sources */,
				0127C6D56A9C8EF7BEEA4939 /* StopPhotosView.swift in Sources */,
				D04D4A306A6DDCCF19F3AD5F /* StopRowView.swift in Sources */,
				D09F2C66DE05F125A45F594B /* StopTodoEntity.swift in Sources */,
				E38D0D851E5ADB866BC54D6D /* SuggestStopsSheet.swift in Sources */,
				838B4E0B42D5DFAD58B87BA5 /* TimelineStopRow.swift in Sources */,
				9688BD4FA97699AA735A4E89 /* TravAI.xcdatamodeld in Sources */,
				0410B52788DC2B5AA2783829 /* TravAIApp.swift in Sources */,
				C00775AF10A0B62028E40BF1 /* TravelTimeRow.swift in Sources */,
				627E0084A7D8A8C7C7C46ED1 /* TravelTimeService.swift in Sources */,
				BBD686753446426615607842 /* TripDetailView.swift in Sources */,
				0C6575CB1B30300AFC7D1413 /* TripEntity.swift in Sources */,
				B87264ED2BEAC2090AC8E870 /* TripListEntity.swift in Sources */,
				31E6999E67743BCD36E38036 /* TripListItemEntity.swift in Sources */,
				BFAC7D69E4DE462B3A283C05 /* TripListView.swift in Sources */,
				850C9B9A8983AD407A268CB3 /* TripListsSection.swift in Sources */,
				58A1EB0F60E26CF1F51FB068 /* TripMapView.swift in Sources */,
				80A50F3C8110B70F397655B9 /* TripPDFGenerator.swift in Sources */,
				3374536EA6BE901559E3293C /* TripRowView.swift in Sources */,
				3B6E8D4E988BD273910CFF20 /* TripShareService.swift in Sources */,
				844A2777B231EE7651125D29 /* TripTextExporter.swift in Sources */,
				A158248FCE13C4A1DE64F169 /* TripTransfer.swift in Sources */,
				22C6A9C089DBDBAE98B3BC47 /* WeatherSection.swift in Sources */,
				1FF9E2FA2B54082057EA2CDE /* WeatherService.swift in Sources */,
				709A920FAE2276231622F52A /* WelcomeView.swift in Sources */,
				00B7DE5AA217F5335E91F85E /* WishlistItemEntity.swift in Sources */,
				7F04CD06AC730994DAEE9818 /* WishlistView.swift in Sources */,
			);
			runOnlyForDeploymentPostprocessing = 0;
		};
		C41F4C8700C508500CF23868 /* Sources */ = {
			isa = PBXSourcesBuildPhase;
			buildActionMask = 2147483647;
			files = (
				7D9F16EF0709EBEFC6A247B3 /* TravAITests.swift in Sources */,
			);
			runOnlyForDeploymentPostprocessing = 0;
		};
/* End PBXSourcesBuildPhase section */

/* Begin PBXTargetDependency section */
		00818AD9D45EAA94A9FEABE2 /* PBXTargetDependency */ = {
			isa = PBXTargetDependency;
			target = 274F8D6B36ED64523393D1B2 /* TravAI */;
			targetProxy = 68CAB3043C3ABF087A2651B8 /* PBXContainerItemProxy */;
		};
/* End PBXTargetDependency section */

/* Begin XCBuildConfiguration section */
		18228FD69B9BFF7654DBC951 /* Release */ = {
			isa = XCBuildConfiguration;
			buildSettings = {
				ALWAYS_SEARCH_USER_PATHS = NO;
				CLANG_ANALYZER_NONNULL = YES;
				CLANG_ANALYZER_NUMBER_OBJECT_CONVERSION = YES_AGGRESSIVE;
				CLANG_CXX_LANGUAGE_STANDARD = "gnu++14";
				CLANG_CXX_LIBRARY = "libc++";
				CLANG_ENABLE_MODULES = YES;
				CLANG_ENABLE_OBJC_ARC = YES;
				CLANG_ENABLE_OBJC_WEAK = YES;
				CLANG_WARN_BLOCK_CAPTURE_AUTORELEASING = YES;
				CLANG_WARN_BOOL_CONVERSION = YES;
				CLANG_WARN_COMMA = YES;
				CLANG_WARN_CONSTANT_CONVERSION = YES;
				CLANG_WARN_DEPRECATED_OBJC_IMPLEMENTATIONS = YES;
				CLANG_WARN_DIRECT_OBJC_ISA_USAGE = YES_ERROR;
				CLANG_WARN_DOCUMENTATION_COMMENTS = YES;
				CLANG_WARN_EMPTY_BODY = YES;
				CLANG_WARN_ENUM_CONVERSION = YES;
				CLANG_WARN_INFINITE_RECURSION = YES;
				CLANG_WARN_INT_CONVERSION = YES;
				CLANG_WARN_NON_LITERAL_NULL_CONVERSION = YES;
				CLANG_WARN_OBJC_IMPLICIT_RETAIN_SELF = YES;
				CLANG_WARN_OBJC_LITERAL_CONVERSION = YES;
				CLANG_WARN_OBJC_ROOT_CLASS = YES_ERROR;
				CLANG_WARN_QUOTED_INCLUDE_IN_FRAMEWORK_HEADER = YES;
				CLANG_WARN_RANGE_LOOP_ANALYSIS = YES;
				CLANG_WARN_STRICT_PROTOTYPES = YES;
				CLANG_WARN_SUSPICIOUS_MOVE = YES;
				CLANG_WARN_UNGUARDED_AVAILABILITY = YES_AGGRESSIVE;
				CLANG_WARN_UNREACHABLE_CODE = YES;
				CLANG_WARN__DUPLICATE_METHOD_MATCH = YES;
				COPY_PHASE_STRIP = NO;
				DEBUG_INFORMATION_FORMAT = "dwarf-with-dsym";
				ENABLE_NS_ASSERTIONS = NO;
				ENABLE_STRICT_OBJC_MSGSEND = YES;
				GCC_C_LANGUAGE_STANDARD = gnu11;
				GCC_NO_COMMON_BLOCKS = YES;
				GCC_WARN_64_TO_32_BIT_CONVERSION = YES;
				GCC_WARN_ABOUT_RETURN_TYPE = YES_ERROR;
				GCC_WARN_UNDECLARED_SELECTOR = YES;
				GCC_WARN_UNINITIALIZED_AUTOS = YES_AGGRESSIVE;
				GCC_WARN_UNUSED_FUNCTION = YES;
				GCC_WARN_UNUSED_VARIABLE = YES;
				IPHONEOS_DEPLOYMENT_TARGET = 18.0;
				MTL_ENABLE_DEBUG_INFO = NO;
				MTL_FAST_MATH = YES;
				PRODUCT_NAME = "$(TARGET_NAME)";
				SDKROOT = iphoneos;
				SWIFT_COMPILATION_MODE = wholemodule;
				SWIFT_OPTIMIZATION_LEVEL = "-O";
				SWIFT_VERSION = 5.0;
			};
			name = Release;
		};
		7557CAD0D4BF5C5EDA9178CF /* Debug */ = {
			isa = XCBuildConfiguration;
			buildSettings = {
				BUNDLE_LOADER = "$(TEST_HOST)";
				GENERATE_INFOPLIST_FILE = YES;
				LD_RUNPATH_SEARCH_PATHS = (
					"$(inherited)",
					"@executable_path/Frameworks",
					"@loader_path/Frameworks",
				);
				PRODUCT_BUNDLE_IDENTIFIER = com.kevinbuckley.travelplanner.tests;
				SDKROOT = iphoneos;
				TARGETED_DEVICE_FAMILY = "1,2";
				TEST_HOST = "$(BUILT_PRODUCTS_DIR)/TravAI.app/TravAI";
			};
			name = Debug;
		};
		985DD630120DFE778C73D2FE /* Debug */ = {
			isa = XCBuildConfiguration;
			buildSettings = {
				ALWAYS_SEARCH_USER_PATHS = NO;
				CLANG_ANALYZER_NONNULL = YES;
				CLANG_ANALYZER_NUMBER_OBJECT_CONVERSION = YES_AGGRESSIVE;
				CLANG_CXX_LANGUAGE_STANDARD = "gnu++14";
				CLANG_CXX_LIBRARY = "libc++";
				CLANG_ENABLE_MODULES = YES;
				CLANG_ENABLE_OBJC_ARC = YES;
				CLANG_ENABLE_OBJC_WEAK = YES;
				CLANG_WARN_BLOCK_CAPTURE_AUTORELEASING = YES;
				CLANG_WARN_BOOL_CONVERSION = YES;
				CLANG_WARN_COMMA = YES;
				CLANG_WARN_CONSTANT_CONVERSION = YES;
				CLANG_WARN_DEPRECATED_OBJC_IMPLEMENTATIONS = YES;
				CLANG_WARN_DIRECT_OBJC_ISA_USAGE = YES_ERROR;
				CLANG_WARN_DOCUMENTATION_COMMENTS = YES;
				CLANG_WARN_EMPTY_BODY = YES;
				CLANG_WARN_ENUM_CONVERSION = YES;
				CLANG_WARN_INFINITE_RECURSION = YES;
				CLANG_WARN_INT_CONVERSION = YES;
				CLANG_WARN_NON_LITERAL_NULL_CONVERSION = YES;
				CLANG_WARN_OBJC_IMPLICIT_RETAIN_SELF = YES;
				CLANG_WARN_OBJC_LITERAL_CONVERSION = YES;
				CLANG_WARN_OBJC_ROOT_CLASS = YES_ERROR;
				CLANG_WARN_QUOTED_INCLUDE_IN_FRAMEWORK_HEADER = YES;
				CLANG_WARN_RANGE_LOOP_ANALYSIS = YES;
				CLANG_WARN_STRICT_PROTOTYPES = YES;
				CLANG_WARN_SUSPICIOUS_MOVE = YES;
				CLANG_WARN_UNGUARDED_AVAILABILITY = YES_AGGRESSIVE;
				CLANG_WARN_UNREACHABLE_CODE = YES;
				CLANG_WARN__DUPLICATE_METHOD_MATCH = YES;
				COPY_PHASE_STRIP = NO;
				DEBUG_INFORMATION_FORMAT = dwarf;
				ENABLE_STRICT_OBJC_MSGSEND = YES;
				ENABLE_TESTABILITY = YES;
				GCC_C_LANGUAGE_STANDARD = gnu11;
				GCC_DYNAMIC_NO_PIC = NO;
				GCC_NO_COMMON_BLOCKS = YES;
				GCC_OPTIMIZATION_LEVEL = 0;
				GCC_PREPROCESSOR_DEFINITIONS = (
					"$(inherited)",
					"DEBUG=1",
				);
				GCC_WARN_64_TO_32_BIT_CONVERSION = YES;
				GCC_WARN_ABOUT_RETURN_TYPE = YES_ERROR;
				GCC_WARN_UNDECLARED_SELECTOR = YES;
				GCC_WARN_UNINITIALIZED_AUTOS = YES_AGGRESSIVE;
				GCC_WARN_UNUSED_FUNCTION = YES;
				GCC_WARN_UNUSED_VARIABLE = YES;
				IPHONEOS_DEPLOYMENT_TARGET = 18.0;
				MTL_ENABLE_DEBUG_INFO = INCLUDE_SOURCE;
				MTL_FAST_MATH = YES;
				ONLY_ACTIVE_ARCH = YES;
				PRODUCT_NAME = "$(TARGET_NAME)";
				SDKROOT = iphoneos;
				SWIFT_ACTIVE_COMPILATION_CONDITIONS = DEBUG;
				SWIFT_OPTIMIZATION_LEVEL = "-Onone";
				SWIFT_VERSION = 5.0;
			};
			name = Debug;
		};
		C0AE05EC56A56ACC1D339E3A /* Debug */ = {
			isa = XCBuildConfiguration;
			buildSettings = {
				ASSETCATALOG_COMPILER_APPICON_NAME = AppIcon;
				CODE_SIGN_ENTITLEMENTS = TravAI/TravAI.entitlements;
				CODE_SIGN_IDENTITY = "iPhone Developer";
				CODE_SIGN_STYLE = Automatic;
				CURRENT_PROJECT_VERSION = 53;
				DEVELOPMENT_TEAM = A6VYGLF4DB;
				GENERATE_INFOPLIST_FILE = YES;
				INFOPLIST_FILE = TravAI/Info.plist;
				INFOPLIST_KEY_CFBundleDisplayName = TravAI;
				INFOPLIST_KEY_CFBundleShortVersionString = 1.2;
				INFOPLIST_KEY_ITSAppUsesNonExemptEncryption = NO;
				INFOPLIST_KEY_NSCalendarsFullAccessUsageDescription = "TravAI can add your trip days to your calendar so you can see your itinerary alongside other events.";
				INFOPLIST_KEY_NSLocationWhenInUseUsageDescription = "TravAI uses your location to quickly add stops near you and track your trip.";
				INFOPLIST_KEY_NSPhotoLibraryUsageDescription = "TravAI matches your photos to trip stops based on location and time.";
				INFOPLIST_KEY_UIApplicationSceneManifest_Generation = YES;
				INFOPLIST_KEY_UIApplicationSupportsIndirectInputEvents = YES;
				INFOPLIST_KEY_UILaunchScreen_Generation = YES;
				INFOPLIST_KEY_UISupportedInterfaceOrientations_iPhone = UIInterfaceOrientationPortrait;
				LD_RUNPATH_SEARCH_PATHS = (
					"$(inherited)",
					"@executable_path/Frameworks",
				);
				MARKETING_VERSION = 1.2;
				PRODUCT_BUNDLE_IDENTIFIER = com.kevinbuckley.travelplanner;
				SDKROOT = iphoneos;
				SWIFT_STRICT_CONCURRENCY = complete;
				TARGETED_DEVICE_FAMILY = 1;
			};
			name = Debug;
		};
		DE4CFF4B1759EC9E0D723095 /* Release */ = {
			isa = XCBuildConfiguration;
			buildSettings = {
				BUNDLE_LOADER = "$(TEST_HOST)";
				GENERATE_INFOPLIST_FILE = YES;
				LD_RUNPATH_SEARCH_PATHS = (
					"$(inherited)",
					"@executable_path/Frameworks",
					"@loader_path/Frameworks",
				);
				PRODUCT_BUNDLE_IDENTIFIER = com.kevinbuckley.travelplanner.tests;
				SDKROOT = iphoneos;
				TARGETED_DEVICE_FAMILY = "1,2";
				TEST_HOST = "$(BUILT_PRODUCTS_DIR)/TravAI.app/TravAI";
			};
			name = Release;
		};
		E6BB957B5043351079263A09 /* Release */ = {
			isa = XCBuildConfiguration;
			buildSettings = {
				ASSETCATALOG_COMPILER_APPICON_NAME = AppIcon;
				CODE_SIGN_ENTITLEMENTS = TravAI/TravAI.entitlements;
				CODE_SIGN_IDENTITY = "iPhone Developer";
				CODE_SIGN_STYLE = Automatic;
				CURRENT_PROJECT_VERSION = 53;
				DEVELOPMENT_TEAM = A6VYGLF4DB;
				GENERATE_INFOPLIST_FILE = YES;
				INFOPLIST_FILE = TravAI/Info.plist;
				INFOPLIST_KEY_CFBundleDisplayName = TravAI;
				INFOPLIST_KEY_CFBundleShortVersionString = 1.2;
				INFOPLIST_KEY_ITSAppUsesNonExemptEncryption = NO;
				INFOPLIST_KEY_NSCalendarsFullAccessUsageDescription = "TravAI can add your trip days to your calendar so you can see your itinerary alongside other events.";
				INFOPLIST_KEY_NSLocationWhenInUseUsageDescription = "TravAI uses your location to quickly add stops near you and track your trip.";
				INFOPLIST_KEY_NSPhotoLibraryUsageDescription = "TravAI matches your photos to trip stops based on location and time.";
				INFOPLIST_KEY_UIApplicationSceneManifest_Generation = YES;
				INFOPLIST_KEY_UIApplicationSupportsIndirectInputEvents = YES;
				INFOPLIST_KEY_UILaunchScreen_Generation = YES;
				INFOPLIST_KEY_UISupportedInterfaceOrientations_iPhone = UIInterfaceOrientationPortrait;
				LD_RUNPATH_SEARCH_PATHS = (
					"$(inherited)",
					"@executable_path/Frameworks",
				);
				MARKETING_VERSION = 1.2;
				PRODUCT_BUNDLE_IDENTIFIER = com.kevinbuckley.travelplanner;
				SDKROOT = iphoneos;
				SWIFT_STRICT_CONCURRENCY = complete;
				TARGETED_DEVICE_FAMILY = 1;
			};
			name = Release;
		};
/* End XCBuildConfiguration section */

/* Begin XCConfigurationList section */
		2D9871F42FC8516C8954B1B2 /* Build configuration list for PBXProject "TravAI" */ = {
			isa = XCConfigurationList;
			buildConfigurations = (
				985DD630120DFE778C73D2FE /* Debug */,
				18228FD69B9BFF7654DBC951 /* Release */,
			);
			defaultConfigurationIsVisible = 0;
			defaultConfigurationName = Debug;
		};
		76CC97230B5B991297051772 /* Build configuration list for PBXNativeTarget "TravAI" */ = {
			isa = XCConfigurationList;
			buildConfigurations = (
				C0AE05EC56A56ACC1D339E3A /* Debug */,
				E6BB957B5043351079263A09 /* Release */,
			);
			defaultConfigurationIsVisible = 0;
			defaultConfigurationName = Debug;
		};
		FE63C2029A437EE6B94DF45B /* Build configuration list for PBXNativeTarget "TravAITests" */ = {
			isa = XCConfigurationList;
			buildConfigurations = (
				7557CAD0D4BF5C5EDA9178CF /* Debug */,
				DE4CFF4B1759EC9E0D723095 /* Release */,
			);
			defaultConfigurationIsVisible = 0;
			defaultConfigurationName = Debug;
		};
/* End XCConfigurationList section */

/* Begin XCLocalSwiftPackageReference section */
		FE8ED86FA1E1D199CA8B1092 /* XCLocalSwiftPackageReference "Packages/TripCore" */ = {
			isa = XCLocalSwiftPackageReference;
			relativePath = Packages/TripCore;
		};
/* End XCLocalSwiftPackageReference section */

/* Begin XCSwiftPackageProductDependency section */
		5C52B2F53F28882C721E265D /* TripCore */ = {
			isa = XCSwiftPackageProductDependency;
			productName = TripCore;
		};
		F0795578EFD2BE814F48EDED /* TripCore */ = {
			isa = XCSwiftPackageProductDependency;
			productName = TripCore;
		};
/* End XCSwiftPackageProductDependency section */

/* Begin XCVersionGroup section */
		B4FBCE81D088E09E3BA7E642 /* TravAI.xcdatamodeld */ = {
			isa = XCVersionGroup;
			children = (
				240B92254F00052C724FCD17 /* TravAI.xcdatamodel */,
			);
			currentVersion = 240B92254F00052C724FCD17 /* TravAI.xcdatamodel */;
			path = TravAI.xcdatamodeld;
			sourceTree = "<group>";
			versionGroupType = wrapper.xcdatamodel;
		};
/* End XCVersionGroup section */
	};
	rootObject = 40ADF59A6B41EE0EBAC6E474 /* Project object */;
}
